
Microsoft Visual Studio Solution File, Format Version 12.00
# Visual Studio 14
VisualStudioVersion = 14.0.25420.1
MinimumVisualStudioVersion = 10.0.40219.1
Project("{FAE04EC0-301F-11D3-BF4B-00C04F79EFBC}") = "OPID", "OPID\OPID.csproj", "{924128CC-D62A-4FEC-AC5C-F4257148C479}"
EndProject
Project("{FAE04EC0-301F-11D3-BF4B-00C04F79EFBC}") = "OPIDEntities", "OPIDEntities\OPIDEntities.csproj", "{70811629-3197-416B-961D-74A2B10F2DF5}"
EndProject
Global
	GlobalSection(SolutionConfigurationPlatforms) = preSolution
		Debug|Any CPU = Debug|Any CPU
		Peter|Any CPU = Peter|Any CPU
		Production|Any CPU = Production|Any CPU
		Release|Any CPU = Release|Any CPU
	EndGlobalSection
	GlobalSection(ProjectConfigurationPlatforms) = postSolution
		{924128CC-D62A-4FEC-AC5C-F4257148C479}.Debug|Any CPU.ActiveCfg = Debug|Any CPU
		{924128CC-D62A-4FEC-AC5C-F4257148C479}.Debug|Any CPU.Build.0 = Debug|Any CPU
		{924128CC-D62A-4FEC-AC5C-F4257148C479}.Peter|Any CPU.ActiveCfg = Peter|Any CPU
		{924128CC-D62A-4FEC-AC5C-F4257148C479}.Peter|Any CPU.Build.0 = Peter|Any CPU
		{924128CC-D62A-4FEC-AC5C-F4257148C479}.Production|Any CPU.ActiveCfg = Production|Any CPU
		{924128CC-D62A-4FEC-AC5C-F4257148C479}.Production|Any CPU.Build.0 = Production|Any CPU
		{924128CC-D62A-4FEC-AC5C-F4257148C479}.Release|Any CPU.ActiveCfg = Release|Any CPU
		{924128CC-D62A-4FEC-AC5C-F4257148C479}.Release|Any CPU.Build.0 = Release|Any CPU
		{70811629-3197-416B-961D-74A2B10F2DF5}.Debug|Any CPU.ActiveCfg = Debug|Any CPU
		{70811629-3197-416B-961D-74A2B10F2DF5}.Debug|Any CPU.Build.0 = Debug|Any CPU
		{70811629-3197-416B-961D-74A2B10F2DF5}.Peter|Any CPU.ActiveCfg = Release|Any CPU
		{70811629-3197-416B-961D-74A2B10F2DF5}.Peter|Any CPU.Build.0 = Release|Any CPU
		{70811629-3197-416B-961D-74A2B10F2DF5}.Production|Any CPU.ActiveCfg = Release|Any CPU
		{70811629-3197-416B-961D-74A2B10F2DF5}.Production|Any CPU.Build.0 = Release|Any CPU
		{70811629-3197-416B-961D-74A2B10F2DF5}.Release|Any CPU.ActiveCfg = Release|Any CPU
		{70811629-3197-416B-961D-74A2B10F2DF5}.Release|Any CPU.Build.0 = Release|Any CPU
	EndGlobalSection
	GlobalSection(SolutionProperties) = preSolution
		HideSolutionNode = FALSE
	EndGlobalSection
EndGlobal
